
Microsoft Visual Studio Solution File, Format Version 12.00
# Visual Studio Version 17
VisualStudioVersion = 17.7.34202.233
MinimumVisualStudioVersion = 10.0.40219.1
Project("{FAE04EC0-301F-11D3-BF4B-00C04F79EFBC}") = "Examen", "Examen.csproj", "{45EFBAD2-DD55-441E-8B4A-398E95C558CF}"
EndProject
Global
	GlobalSection(SolutionConfigurationPlatforms) = preSolution
		Debug|Any CPU = Debug|Any CPU
		Release|Any CPU = Release|Any CPU
	EndGlobalSection
	GlobalSection(ProjectConfigurationPlatforms) = postSolution
		{45EFBAD2-DD55-441E-8B4A-398E95C558CF}.Debug|Any CPU.ActiveCfg = Debug|Any CPU
		{45EFBAD2-DD55-441E-8B4A-398E95C558CF}.Debug|Any CPU.Build.0 = Debug|Any CPU
		{45EFBAD2-DD55-441E-8B4A-398E95C558CF}.Release|Any CPU.ActiveCfg = Release|Any CPU
		{45EFBAD2-DD55-441E-8B4A-398E95C558CF}.Release|Any CPU.Build.0 = Release|Any CPU
	EndGlobalSection
	GlobalSection(SolutionProperties) = preSolution
		HideSolutionNode = FALSE
	EndGlobalSection
	GlobalSection(ExtensibilityGlobals) = postSolution
		SolutionGuid = {9526DCF6-E7BD-4BDD-8DB3-E8875A4420B3}
	EndGlobalSection
EndGlobal
